
Microsoft Visual Studio Solution File, Format Version 12.00
# Visual Studio 14
VisualStudioVersion = 14.0.24720.0
MinimumVisualStudioVersion = 10.0.40219.1
Project("{FAE04EC0-301F-11D3-BF4B-00C04F79EFBC}") = "CLIM", "CLIM\CLIM.csproj", "{BDBDB69F-6535-46D6-94DA-8288619212C3}"
EndProject
Project("{FAE04EC0-301F-11D3-BF4B-00C04F79EFBC}") = "TestCLIM", "TestCLIM\TestCLIM.csproj", "{61718414-433F-46ED-A589-5BC23FC56284}"
EndProject
Global
	GlobalSection(SolutionConfigurationPlatforms) = preSolution
		Debug|Any CPU = Debug|Any CPU
		Release|Any CPU = Release|Any CPU
	EndGlobalSection
	GlobalSection(ProjectConfigurationPlatforms) = postSolution
		{BDBDB69F-6535-46D6-94DA-8288619212C3}.Debug|Any CPU.ActiveCfg = Debug|Any CPU
		{BDBDB69F-6535-46D6-94DA-8288619212C3}.Debug|Any CPU.Build.0 = Debug|Any CPU
		{BDBDB69F-6535-46D6-94DA-8288619212C3}.Release|Any CPU.ActiveCfg = Release|Any CPU
		{BDBDB69F-6535-46D6-94DA-8288619212C3}.Release|Any CPU.Build.0 = Release|Any CPU
		{61718414-433F-46ED-A589-5BC23FC56284}.Debug|Any CPU.ActiveCfg = Debug|Any CPU
		{61718414-433F-46ED-A589-5BC23FC56284}.Debug|Any CPU.Build.0 = Debug|Any CPU
		{61718414-433F-46ED-A589-5BC23FC56284}.Release|Any CPU.ActiveCfg = Release|Any CPU
		{61718414-433F-46ED-A589-5BC23FC56284}.Release|Any CPU.Build.0 = Release|Any CPU
	EndGlobalSection
	GlobalSection(SolutionProperties) = preSolution
		HideSolutionNode = FALSE
	EndGlobalSection
EndGlobal
